# THIS IS AN AUTOGENERATED FILE. DO NOT EDIT THIS FILE DIRECTLY.
# yarn lockfile v1


"@fortawesome/fontawesome-free@^5.2.0":
  version "5.2.0"
  resolved "https://registry.yarnpkg.com/@fortawesome/fontawesome-free/-/fontawesome-free-5.2.0.tgz#50cd9856774351c56c0b1b0db4efe122d7913e58"

clipboard@^2.0.1:
  version "2.0.1"
  resolved "https://registry.yarnpkg.com/clipboard/-/clipboard-2.0.1.tgz#a12481e1c13d8a50f5f036b0560fe5d16d74e46a"
  dependencies:
    good-listener "^1.2.2"
    select "^1.1.2"
    tiny-emitter "^2.0.0"

datatables.net-bs@^1.10.19:
  version "1.10.19"
  resolved "https://registry.yarnpkg.com/datatables.net-bs/-/datatables.net-bs-1.10.19.tgz#08763b4e4d0cef1a427d019dc15e717c7ed67a4d"
  dependencies:
    datatables.net "1.10.19"
    jquery ">=1.7"

datatables.net@1.10.19:
  version "1.10.19"
  resolved "https://registry.yarnpkg.com/datatables.net/-/datatables.net-1.10.19.tgz#97a1ed41c85e62d61040603481b59790a172dd1f"
  dependencies:
    jquery ">=1.7"

delegate@^3.1.2:
  version "3.2.0"
  resolved "https://registry.yarnpkg.com/delegate/-/delegate-3.2.0.tgz#b66b71c3158522e8ab5744f720d8ca0c2af59166"

dom-walk@^0.1.0:
  version "0.1.1"
  resolved "https://registry.yarnpkg.com/dom-walk/-/dom-walk-0.1.1.tgz#672226dc74c8f799ad35307df936aba11acd6018"
  integrity sha1-ZyIm3HTI95mtNTB9+TaroRrNYBg=

dropzone@^5.4.0:
  version "5.4.0"
  resolved "https://registry.yarnpkg.com/dropzone/-/dropzone-5.4.0.tgz#3290c07f59b189eb5a11e99a58c9b2adae5acfec"

global@^4.3.1:
  version "4.4.0"
  resolved "https://registry.yarnpkg.com/global/-/global-4.4.0.tgz#3e7b105179006a323ed71aafca3e9c57a5cc6406"
  integrity sha512-wv/LAoHdRE3BeTGz53FAamhGlPLhlssK45usmGFThIi4XqnBmjKQ16u+RNbP7WvigRZDxUsM0J3gcQ5yicaL0w==
  dependencies:
    min-document "^2.19.0"
    process "^0.11.10"

good-listener@^1.2.2:
  version "1.2.2"
  resolved "https://registry.yarnpkg.com/good-listener/-/good-listener-1.2.2.tgz#d53b30cdf9313dffb7dc9a0d477096aa6d145c50"
  dependencies:
    delegate "^3.1.2"

jquery-ui@^1.12.1:
  version "1.12.1"
  resolved "https://registry.yarnpkg.com/jquery-ui/-/jquery-ui-1.12.1.tgz#bcb4045c8dd0539c134bc1488cdd3e768a7a9e51"

jquery@>=1.7:
  version "3.3.1"
  resolved "https://registry.yarnpkg.com/jquery/-/jquery-3.3.1.tgz#958ce29e81c9790f31be7792df5d4d95fc57fbca"

jquery@~2.1.4:
  version "2.1.4"
  resolved "https://registry.yarnpkg.com/jquery/-/jquery-2.1.4.tgz#228bde698a0c61431dc2630a6a154f15890d2317"

mediaelement@^4.2.12:
  version "4.2.12"
  resolved "https://registry.yarnpkg.com/mediaelement/-/mediaelement-4.2.12.tgz#904ad1088a65b216f9c19ac3b47b6d2c0fb0dea9"
  integrity sha512-nKeV55tDTsKY5ZUkSWW9dBQdF6CjCkW00VyzbXmP1KhEtDApNmm77CAnCJIaFcco/hfAzQrCd8IevL0y9YVPGg==
  dependencies:
    global "^4.3.1"

min-document@^2.19.0:
  version "2.19.0"
  resolved "https://registry.yarnpkg.com/min-document/-/min-document-2.19.0.tgz#7bd282e3f5842ed295bb748cdd9f1ffa2c824685"
  integrity sha1-e9KC4/WELtKVu3SM3Z8f+iyCRoU=
  dependencies:
    dom-walk "^0.1.0"

process@^0.11.10:
  version "0.11.10"
  resolved "https://registry.yarnpkg.com/process/-/process-0.11.10.tgz#7332300e840161bda3e69a1d1d91a7d4bc16f182"
  integrity sha1-czIwDoQBYb2j5podHZGn1LwW8YI=

readmore-js@^2.1.0:
  version "2.1.0"
  resolved "https://registry.yarnpkg.com/readmore-js/-/readmore-js-2.1.0.tgz#0cf33cfc6f1f06af2a58e8e4fc4704db8c77fb57"
  dependencies:
    jquery "~2.1.4"

select@^1.1.2:
  version "1.1.2"
  resolved "https://registry.yarnpkg.com/select/-/select-1.1.2.tgz#0e7350acdec80b1108528786ec1d4418d11b396d"

tiny-emitter@^2.0.0:
  version "2.0.2"
  resolved "https://registry.yarnpkg.com/tiny-emitter/-/tiny-emitter-2.0.2.tgz#82d27468aca5ade8e5fd1e6d22b57dd43ebdfb7c"
