# THIS IS AN AUTOGENERATED FILE. DO NOT EDIT THIS FILE DIRECTLY.
# yarn lockfile v1


dropzone@^5.4.0:
  version "5.4.0"
  resolved "https://registry.yarnpkg.com/dropzone/-/dropzone-5.4.0.tgz#3290c07f59b189eb5a11e99a58c9b2adae5acfec"

jquery-ui@^1.12.1:
  version "1.12.1"
  resolved "https://registry.yarnpkg.com/jquery-ui/-/jquery-ui-1.12.1.tgz#bcb4045c8dd0539c134bc1488cdd3e768a7a9e51"

jquery@~2.1.4:
  version "2.1.4"
  resolved "https://registry.yarnpkg.com/jquery/-/jquery-2.1.4.tgz#228bde698a0c61431dc2630a6a154f15890d2317"

readmore-js@^2.1.0:
  version "2.1.0"
  resolved "https://registry.yarnpkg.com/readmore-js/-/readmore-js-2.1.0.tgz#0cf33cfc6f1f06af2a58e8e4fc4704db8c77fb57"
  dependencies:
    jquery "~2.1.4"
